
Microsoft Visual Studio Solution File, Format Version 12.00
# Visual Studio Version 17
VisualStudioVersion = 17.12.35323.107
MinimumVisualStudioVersion = 10.0.40219.1
Project("{FAE04EC0-301F-11D3-BF4B-00C04F79EFBC}") = "Onion _Architecture", "Onion _Architecture\Onion _Architecture.csproj", "{CD75DD1A-F569-46EA-AB14-333B87287DEA}"
EndProject
Project("{FAE04EC0-301F-11D3-BF4B-00C04F79EFBC}") = "Domain", "Domain\Domain.csproj", "{9AD470A5-8C30-4AA6-9067-3E8ECDA05C6D}"
EndProject
Project("{FAE04EC0-301F-11D3-BF4B-00C04F79EFBC}") = "Infrastructure", "Infrastructure\Infrastructure.csproj", "{461A99B6-A788-4D30-8DB0-04037BFD6A32}"
EndProject
Project("{FAE04EC0-301F-11D3-BF4B-00C04F79EFBC}") = "Application", "Application\Application.csproj", "{891CE47D-2872-4B01-9510-73A864878D5B}"
EndProject
Global
	GlobalSection(SolutionConfigurationPlatforms) = preSolution
		Debug|Any CPU = Debug|Any CPU
		Release|Any CPU = Release|Any CPU
	EndGlobalSection
	GlobalSection(ProjectConfigurationPlatforms) = postSolution
		{CD75DD1A-F569-46EA-AB14-333B87287DEA}.Debug|Any CPU.ActiveCfg = Debug|Any CPU
		{CD75DD1A-F569-46EA-AB14-333B87287DEA}.Debug|Any CPU.Build.0 = Debug|Any CPU
		{CD75DD1A-F569-46EA-AB14-333B87287DEA}.Release|Any CPU.ActiveCfg = Release|Any CPU
		{CD75DD1A-F569-46EA-AB14-333B87287DEA}.Release|Any CPU.Build.0 = Release|Any CPU
		{9AD470A5-8C30-4AA6-9067-3E8ECDA05C6D}.Debug|Any CPU.ActiveCfg = Debug|Any CPU
		{9AD470A5-8C30-4AA6-9067-3E8ECDA05C6D}.Debug|Any CPU.Build.0 = Debug|Any CPU
		{9AD470A5-8C30-4AA6-9067-3E8ECDA05C6D}.Release|Any CPU.ActiveCfg = Release|Any CPU
		{9AD470A5-8C30-4AA6-9067-3E8ECDA05C6D}.Release|Any CPU.Build.0 = Release|Any CPU
		{461A99B6-A788-4D30-8DB0-04037BFD6A32}.Debug|Any CPU.ActiveCfg = Debug|Any CPU
		{461A99B6-A788-4D30-8DB0-04037BFD6A32}.Debug|Any CPU.Build.0 = Debug|Any CPU
		{461A99B6-A788-4D30-8DB0-04037BFD6A32}.Release|Any CPU.ActiveCfg = Release|Any CPU
		{461A99B6-A788-4D30-8DB0-04037BFD6A32}.Release|Any CPU.Build.0 = Release|Any CPU
		{891CE47D-2872-4B01-9510-73A864878D5B}.Debug|Any CPU.ActiveCfg = Debug|Any CPU
		{891CE47D-2872-4B01-9510-73A864878D5B}.Debug|Any CPU.Build.0 = Debug|Any CPU
		{891CE47D-2872-4B01-9510-73A864878D5B}.Release|Any CPU.ActiveCfg = Release|Any CPU
		{891CE47D-2872-4B01-9510-73A864878D5B}.Release|Any CPU.Build.0 = Release|Any CPU
	EndGlobalSection
	GlobalSection(SolutionProperties) = preSolution
		HideSolutionNode = FALSE
	EndGlobalSection
	GlobalSection(ExtensibilityGlobals) = postSolution
		SolutionGuid = {3FFB4942-5E00-42BA-8D93-BDAEA17D6154}
	EndGlobalSection
EndGlobal
